
Microsoft Visual Studio Solution File, Format Version 12.00
# Visual Studio Version 16
VisualStudioVersion = 16.0.32228.343
MinimumVisualStudioVersion = 10.0.40219.1
Project("{FAE04EC0-301F-11D3-BF4B-00C04F79EFBC}") = "PostManClone", "WinForms Practice\PostManClone.csproj", "{25CC53FE-2DE4-4D3C-A563-F389897D265B}"
EndProject
Global
	GlobalSection(SolutionConfigurationPlatforms) = preSolution
		Debug|Any CPU = Debug|Any CPU
		Release|Any CPU = Release|Any CPU
	EndGlobalSection
	GlobalSection(ProjectConfigurationPlatforms) = postSolution
		{25CC53FE-2DE4-4D3C-A563-F389897D265B}.Debug|Any CPU.ActiveCfg = Debug|Any CPU
		{25CC53FE-2DE4-4D3C-A563-F389897D265B}.Debug|Any CPU.Build.0 = Debug|Any CPU
		{25CC53FE-2DE4-4D3C-A563-F389897D265B}.Release|Any CPU.ActiveCfg = Release|Any CPU
		{25CC53FE-2DE4-4D3C-A563-F389897D265B}.Release|Any CPU.Build.0 = Release|Any CPU
	EndGlobalSection
	GlobalSection(SolutionProperties) = preSolution
		HideSolutionNode = FALSE
	EndGlobalSection
	GlobalSection(ExtensibilityGlobals) = postSolution
		SolutionGuid = {2C3EC62A-AFAC-4CEF-830D-4C16354AEE42}
	EndGlobalSection
EndGlobal
